// !$*UTF8*$!
{
	archiveVersion = 1;
	classes = {
	};
	objectVersion = 50;
	objects = {

/* Begin PBXBuildFile section */
		6B5B213F25B0D8430058E910 /* Covid19ScreenerApp.swift in Sources */ = {isa = PBXBuildFile; fileRef = 6B5B213E25B0D8430058E910 /* Covid19ScreenerApp.swift */; };
		6B5B214125B0D8430058E910 /* ContentView.swift in Sources */ = {isa = PBXBuildFile; fileRef = 6B5B214025B0D8430058E910 /* ContentView.swift */; };
		6B5B214325B0D8430058E910 /* Assets.xcassets in Resources */ = {isa = PBXBuildFile; fileRef = 6B5B214225B0D8430058E910 /* Assets.xcassets */; };
		6B5B214625B0D8430058E910 /* Preview Assets.xcassets in Resources */ = {isa = PBXBuildFile; fileRef = 6B5B214525B0D8430058E910 /* Preview Assets.xcassets */; };
		6B5B215125B0D8430058E910 /* Covid19ScreenerTests.swift in Sources */ = {isa = PBXBuildFile; fileRef = 6B5B215025B0D8430058E910 /* Covid19ScreenerTests.swift */; };
		6B5B215C25B0D8430058E910 /* Covid19ScreenerUITests.swift in Sources */ = {isa = PBXBuildFile; fileRef = 6B5B215B25B0D8430058E910 /* Covid19ScreenerUITests.swift */; };
/* End PBXBuildFile section */

/* Begin PBXContainerItemProxy section */
		6B5B214D25B0D8430058E910 /* PBXContainerItemProxy */ = {
			isa = PBXContainerItemProxy;
			containerPortal = 6B5B213325B0D8430058E910 /* Project object */;
			proxyType = 1;
			remoteGlobalIDString = 6B5B213A25B0D8430058E910;
			remoteInfo = Covid19Screener;
		};
		6B5B215825B0D8430058E910 /* PBXContainerItemProxy */ = {
			isa = PBXContainerItemProxy;
			containerPortal = 6B5B213325B0D8430058E910 /* Project object */;
			proxyType = 1;
			remoteGlobalIDString = 6B5B213A25B0D8430058E910;
			remoteInfo = Covid19Screener;
		};
/* End PBXContainerItemProxy section */

/* Begin PBXFileReference section */
		6B5B213B25B0D8430058E910 /* Covid19Screener.app */ = {isa = PBXFileReference; explicitFileType = wrapper.application; includeInIndex = 0; path = Covid19Screener.app; sourceTree = BUILT_PRODUCTS_DIR; };
		6B5B213E25B0D8430058E910 /* Covid19ScreenerApp.swift */ = {isa = PBXFileReference; lastKnownFileType = sourcecode.swift; path = Covid19ScreenerApp.swift; sourceTree = "<group>"; };
		6B5B214025B0D8430058E910 /* ContentView.swift */ = {isa = PBXFileReference; lastKnownFileType = sourcecode.swift; path = ContentView.swift; sourceTree = "<group>"; };
		6B5B214225B0D8430058E910 /* Assets.xcassets */ = {isa = PBXFileReference; lastKnownFileType = folder.assetcatalog; path = Assets.xcassets; sourceTree = "<group>"; };
		6B5B214525B0D8430058E910 /* Preview Assets.xcassets */ = {isa = PBXFileReference; lastKnownFileType = folder.assetcatalog; path = "Preview Assets.xcassets"; sourceTree = "<group>"; };
		6B5B214725B0D8430058E910 /* Info.plist */ = {isa = PBXFileReference; lastKnownFileType = text.plist.xml; path = Info.plist; sourceTree = "<group>"; };
		6B5B214C25B0D8430058E910 /* Covid19ScreenerTests.xctest */ = {isa = PBXFileReference; explicitFileType = wrapper.cfbundle; includeInIndex = 0; path = Covid19ScreenerTests.xctest; sourceTree = BUILT_PRODUCTS_DIR; };
		6B5B215025B0D8430058E910 /* Covid19ScreenerTests.swift */ = {isa = PBXFileReference; lastKnownFileType = sourcecode.swift; path = Covid19ScreenerTests.swift; sourceTree = "<group>"; };
		6B5B215225B0D8430058E910 /* Info.plist */ = {isa = PBXFileReference; lastKnownFileType = text.plist.xml; path = Info.plist; sourceTree = "<group>"; };
		6B5B215725B0D8430058E910 /* Covid19ScreenerUITests.xctest */ = {isa = PBXFileReference; explicitFileType = wrapper.cfbundle; includeInIndex = 0; path = Covid19ScreenerUITests.xctest; sourceTree = BUILT_PRODUCTS_DIR; };
		6B5B215B25B0D8430058E910 /* Covid19ScreenerUITests.swift */ = {isa = PBXFileReference; lastKnownFileType = sourcecode.swift; path = Covid19ScreenerUITests.swift; sourceTree = "<group>"; };
		6B5B215D25B0D8430058E910 /* Info.plist */ = {isa = PBXFileReference; lastKnownFileType = text.plist.xml; path = Info.plist; sourceTree = "<group>"; };
/* End PBXFileReference section */

/* Begin PBXFrameworksBuildPhase section */
		6B5B213825B0D8430058E910 /* Frameworks */ = {
			isa = PBXFrameworksBuildPhase;
			buildActionMask = 2147483647;
			files = (
			);
			runOnlyForDeploymentPostprocessing = 0;
		};
		6B5B214925B0D8430058E910 /* Frameworks */ = {
			isa = PBXFrameworksBuildPhase;
			buildActionMask = 2147483647;
			files = (
			);
			runOnlyForDeploymentPostprocessing = 0;
		};
		6B5B215425B0D8430058E910 /* Frameworks */ = {
			isa = PBXFrameworksBuildPhase;
			buildActionMask = 2147483647;
			files = (
			);
			runOnlyForDeploymentPostprocessing = 0;
		};
/* End PBXFrameworksBuildPhase section */

/* Begin PBXGroup section */
		6B5B213225B0D8430058E910 = {
			isa = PBXGroup;
			children = (
				6B5B213D25B0D8430058E910 /* Covid19Screener */,
				6B5B214F25B0D8430058E910 /* Covid19ScreenerTests */,
				6B5B215A25B0D8430058E910 /* Covid19ScreenerUITests */,
				6B5B213C25B0D8430058E910 /* Products */,
			);
			sourceTree = "<group>";
		};
		6B5B213C25B0D8430058E910 /* Products */ = {
			isa = PBXGroup;
			children = (
				6B5B213B25B0D8430058E910 /* Covid19Screener.app */,
				6B5B214C25B0D8430058E910 /* Covid19ScreenerTests.xctest */,
				6B5B215725B0D8430058E910 /* Covid19ScreenerUITests.xctest */,
			);
			name = Products;
			sourceTree = "<group>";
		};
		6B5B213D25B0D8430058E910 /* Covid19Screener */ = {
			isa = PBXGroup;
			children = (
				6B5B213E25B0D8430058E910 /* Covid19ScreenerApp.swift */,
				6B5B214025B0D8430058E910 /* ContentView.swift */,
				6B5B214225B0D8430058E910 /* Assets.xcassets */,
				6B5B214725B0D8430058E910 /* Info.plist */,
				6B5B214425B0D8430058E910 /* Preview Content */,
			);
			path = Covid19Screener;
			sourceTree = "<group>";
		};
		6B5B214425B0D8430058E910 /* Preview Content */ = {
			isa = PBXGroup;
			children = (
				6B5B214525B0D8430058E910 /* Preview Assets.xcassets */,
			);
			path = "Preview Content";
			sourceTree = "<group>";
		};
		6B5B214F25B0D8430058E910 /* Covid19ScreenerTests */ = {
			isa = PBXGroup;
			children = (
				6B5B215025B0D8430058E910 /* Covid19ScreenerTests.swift */,
				6B5B215225B0D8430058E910 /* Info.plist */,
			);
			path = Covid19ScreenerTests;
			sourceTree = "<group>";
		};
		6B5B215A25B0D8430058E910 /* Covid19ScreenerUITests */ = {
			isa = PBXGroup;
			children = (
				6B5B215B25B0D8430058E910 /* Covid19ScreenerUITests.swift */,
				6B5B215D25B0D8430058E910 /* Info.plist */,
			);
			path = Covid19ScreenerUITests;
			sourceTree = "<group>";
		};
/* End PBXGroup section */

/* Begin PBXNativeTarget section */
		6B5B213A25B0D8430058E910 /* Covid19Screener */ = {
			isa = PBXNativeTarget;
			buildConfigurationList = 6B5B216025B0D8430058E910 /* Build configuration list for PBXNativeTarget "Covid19Screener" */;
			buildPhases = (
				6B5B213725B0D8430058E910 /* Sources */,
				6B5B213825B0D8430058E910 /* Frameworks */,
				6B5B213925B0D8430058E910 /* Resources */,
			);
			buildRules = (
			);
			dependencies = (
			);
			name = Covid19Screener;
			productName = Covid19Screener;
			productReference = 6B5B213B25B0D8430058E910 /* Covid19Screener.app */;
			productType = "com.apple.product-type.application";
		};
		6B5B214B25B0D8430058E910 /* Covid19ScreenerTests */ = {
			isa = PBXNativeTarget;
			buildConfigurationList = 6B5B216325B0D8430058E910 /* Build configuration list for PBXNativeTarget "Covid19ScreenerTests" */;
			buildPhases = (
				6B5B214825B0D8430058E910 /* Sources */,
				6B5B214925B0D8430058E910 /* Frameworks */,
				6B5B214A25B0D8430058E910 /* Resources */,
			);
			buildRules = (
			);
			dependencies = (
				6B5B214E25B0D8430058E910 /* PBXTargetDependency */,
			);
			name = Covid19ScreenerTests;
			productName = Covid19ScreenerTests;
			productReference = 6B5B214C25B0D8430058E910 /* Covid19ScreenerTests.xctest */;
			productType = "com.apple.product-type.bundle.unit-test";
		};
		6B5B215625B0D8430058E910 /* Covid19ScreenerUITests */ = {
			isa = PBXNativeTarget;
			buildConfigurationList = 6B5B216625B0D8430058E910 /* Build configuration list for PBXNativeTarget "Covid19ScreenerUITests" */;
			buildPhases = (
				6B5B215325B0D8430058E910 /* Sources */,
				6B5B215425B0D8430058E910 /* Frameworks */,
				6B5B215525B0D8430058E910 /* Resources */,
			);
			buildRules = (
			);
			dependencies = (
				6B5B215925B0D8430058E910 /* PBXTargetDependency */,
			);
			name = Covid19ScreenerUITests;
			productName = Covid19ScreenerUITests;
			productReference = 6B5B215725B0D8430058E910 /* Covid19ScreenerUITests.xctest */;
			productType = "com.apple.product-type.bundle.ui-testing";
		};
/* End PBXNativeTarget section */

/* Begin PBXProject section */
		6B5B213325B0D8430058E910 /* Project object */ = {
			isa = PBXProject;
			attributes = {
				LastSwiftUpdateCheck = 1230;
				LastUpgradeCheck = 1230;
				TargetAttributes = {
					6B5B213A25B0D8430058E910 = {
						CreatedOnToolsVersion = 12.3;
					};
					6B5B214B25B0D8430058E910 = {
						CreatedOnToolsVersion = 12.3;
						TestTargetID = 6B5B213A25B0D8430058E910;
					};
					6B5B215625B0D8430058E910 = {
						CreatedOnToolsVersion = 12.3;
						TestTargetID = 6B5B213A25B0D8430058E910;
					};
				};
			};
			buildConfigurationList = 6B5B213625B0D8430058E910 /* Build configuration list for PBXProject "Covid19Screener" */;
			compatibilityVersion = "Xcode 9.3";
			developmentRegion = en;
			hasScannedForEncodings = 0;
			knownRegions = (
				en,
				Base,
			);
			mainGroup = 6B5B213225B0D8430058E910;
			productRefGroup = 6B5B213C25B0D8430058E910 /* Products */;
			projectDirPath = "";
			projectRoot = "";
			targets = (
				6B5B213A25B0D8430058E910 /* Covid19Screener */,
				6B5B214B25B0D8430058E910 /* Covid19ScreenerTests */,
				6B5B215625B0D8430058E910 /* Covid19ScreenerUITests */,
			);
		};
/* End PBXProject section */

/* Begin PBXResourcesBuildPhase section */
		6B5B213925B0D8430058E910 /* Resources */ = {
			isa = PBXResourcesBuildPhase;
			buildActionMask = 2147483647;
			files = (
				6B5B214625B0D8430058E910 /* Preview Assets.xcassets in Resources */,
				6B5B214325B0D8430058E910 /* Assets.xcassets in Resources */,
			);
			runOnlyForDeploymentPostprocessing = 0;
		};
		6B5B214A25B0D8430058E910 /* Resources */ = {
			isa = PBXResourcesBuildPhase;
			buildActionMask = 2147483647;
			files = (
			);
			runOnlyForDeploymentPostprocessing = 0;
		};
		6B5B215525B0D8430058E910 /* Resources */ = {
			isa = PBXResourcesBuildPhase;
			buildActionMask = 2147483647;
			files = (
			);
			runOnlyForDeploymentPostprocessing = 0;
		};
/* End PBXResourcesBuildPhase section */

/* Begin PBXSourcesBuildPhase section */
		6B5B213725B0D8430058E910 /* Sources */ = {
			isa = PBXSourcesBuildPhase;
			buildActionMask = 2147483647;
			files = (
				6B5B214125B0D8430058E910 /* ContentView.swift in Sources */,
				6B5B213F25B0D8430058E910 /* Covid19ScreenerApp.swift in Sources */,
			);
			runOnlyForDeploymentPostprocessing = 0;
		};
		6B5B214825B0D8430058E910 /* Sources */ = {
			isa = PBXSourcesBuildPhase;
			buildActionMask = 2147483647;
			files = (
				6B5B215125B0D8430058E910 /* Covid19ScreenerTests.swift in Sources */,
			);
			runOnlyForDeploymentPostprocessing = 0;
		};
		6B5B215325B0D8430058E910 /* Sources */ = {
			isa = PBXSourcesBuildPhase;
			buildActionMask = 2147483647;
			files = (
				6B5B215C25B0D8430058E910 /* Covid19ScreenerUITests.swift in Sources */,
			);
			runOnlyForDeploymentPostprocessing = 0;
		};
/* End PBXSourcesBuildPhase section */

/* Begin PBXTargetDependency section */
		6B5B214E25B0D8430058E910 /* PBXTargetDependency */ = {
			isa = PBXTargetDependency;
			target = 6B5B213A25B0D8430058E910 /* Covid19Screener */;
			targetProxy = 6B5B214D25B0D8430058E910 /* PBXContainerItemProxy */;
		};
		6B5B215925B0D8430058E910 /* PBXTargetDependency */ = {
			isa = PBXTargetDependency;
			target = 6B5B213A25B0D8430058E910 /* Covid19Screener */;
			targetProxy = 6B5B215825B0D8430058E910 /* PBXContainerItemProxy */;
		};
/* End PBXTargetDependency section */

/* Begin XCBuildConfiguration section */
		6B5B215E25B0D8430058E910 /* Debug */ = {
			isa = XCBuildConfiguration;
			buildSettings = {
				ALWAYS_SEARCH_USER_PATHS = NO;
				CLANG_ANALYZER_NONNULL = YES;
				CLANG_ANALYZER_NUMBER_OBJECT_CONVERSION = YES_AGGRESSIVE;
				CLANG_CXX_LANGUAGE_STANDARD = "gnu++14";
				CLANG_CXX_LIBRARY = "libc++";
				CLANG_ENABLE_MODULES = YES;
				CLANG_ENABLE_OBJC_ARC = YES;
				CLANG_ENABLE_OBJC_WEAK = YES;
				CLANG_WARN_BLOCK_CAPTURE_AUTORELEASING = YES;
				CLANG_WARN_BOOL_CONVERSION = YES;
				CLANG_WARN_COMMA = YES;
				CLANG_WARN_CONSTANT_CONVERSION = YES;
				CLANG_WARN_DEPRECATED_OBJC_IMPLEMENTATIONS = YES;
				CLANG_WARN_DIRECT_OBJC_ISA_USAGE = YES_ERROR;
				CLANG_WARN_DOCUMENTATION_COMMENTS = YES;
				CLANG_WARN_EMPTY_BODY = YES;
				CLANG_WARN_ENUM_CONVERSION = YES;
				CLANG_WARN_INFINITE_RECURSION = YES;
				CLANG_WARN_INT_CONVERSION = YES;
				CLANG_WARN_NON_LITERAL_NULL_CONVERSION = YES;
				CLANG_WARN_OBJC_IMPLICIT_RETAIN_SELF = YES;
				CLANG_WARN_OBJC_LITERAL_CONVERSION = YES;
				CLANG_WARN_OBJC_ROOT_CLASS = YES_ERROR;
				CLANG_WARN_QUOTED_INCLUDE_IN_FRAMEWORK_HEADER = YES;
				CLANG_WARN_RANGE_LOOP_ANALYSIS = YES;
				CLANG_WARN_STRICT_PROTOTYPES = YES;
				CLANG_WARN_SUSPICIOUS_MOVE = YES;
				CLANG_WARN_UNGUARDED_AVAILABILITY = YES_AGGRESSIVE;
				CLANG_WARN_UNREACHABLE_CODE = YES;
				CLANG_WARN__DUPLICATE_METHOD_MATCH = YES;
				COPY_PHASE_STRIP = NO;
				DEBUG_INFORMATION_FORMAT = dwarf;
				ENABLE_STRICT_OBJC_MSGSEND = YES;
				ENABLE_TESTABILITY = YES;
				GCC_C_LANGUAGE_STANDARD = gnu11;
				GCC_DYNAMIC_NO_PIC = NO;
				GCC_NO_COMMON_BLOCKS = YES;
				GCC_OPTIMIZATION_LEVEL = 0;
				GCC_PREPROCESSOR_DEFINITIONS = (
					"DEBUG=1",
					"$(inherited)",
				);
				GCC_WARN_64_TO_32_BIT_CONVERSION = YES;
				GCC_WARN_ABOUT_RETURN_TYPE = YES_ERROR;
				GCC_WARN_UNDECLARED_SELECTOR = YES;
				GCC_WARN_UNINITIALIZED_AUTOS = YES_AGGRESSIVE;
				GCC_WARN_UNUSED_FUNCTION = YES;
				GCC_WARN_UNUSED_VARIABLE = YES;
				IPHONEOS_DEPLOYMENT_TARGET = 14.3;
				MTL_ENABLE_DEBUG_INFO = INCLUDE_SOURCE;
				MTL_FAST_MATH = YES;
				ONLY_ACTIVE_ARCH = YES;
				SDKROOT = iphoneos;
				SWIFT_ACTIVE_COMPILATION_CONDITIONS = DEBUG;
				SWIFT_OPTIMIZATION_LEVEL = "-Onone";
			};
			name = Debug;
		};
		6B5B215F25B0D8430058E910 /* Release */ = {
			isa = XCBuildConfiguration;
			buildSettings = {
				ALWAYS_SEARCH_USER_PATHS = NO;
				CLANG_ANALYZER_NONNULL = YES;
				CLANG_ANALYZER_NUMBER_OBJECT_CONVERSION = YES_AGGRESSIVE;
				CLANG_CXX_LANGUAGE_STANDARD = "gnu++14";
				CLANG_CXX_LIBRARY = "libc++";
				CLANG_ENABLE_MODULES = YES;
				CLANG_ENABLE_OBJC_ARC = YES;
				CLANG_ENABLE_OBJC_WEAK = YES;
				CLANG_WARN_BLOCK_CAPTURE_AUTORELEASING = YES;
				CLANG_WARN_BOOL_CONVERSION = YES;
				CLANG_WARN_COMMA = YES;
				CLANG_WARN_CONSTANT_CONVERSION = YES;
				CLANG_WARN_DEPRECATED_OBJC_IMPLEMENTATIONS = YES;
				CLANG_WARN_DIRECT_OBJC_ISA_USAGE = YES_ERROR;
				CLANG_WARN_DOCUMENTATION_COMMENTS = YES;
				CLANG_WARN_EMPTY_BODY = YES;
				CLANG_WARN_ENUM_CONVERSION = YES;
				CLANG_WARN_INFINITE_RECURSION = YES;
				CLANG_WARN_INT_CONVERSION = YES;
				CLANG_WARN_NON_LITERAL_NULL_CONVERSION = YES;
				CLANG_WARN_OBJC_IMPLICIT_RETAIN_SELF = YES;
				CLANG_WARN_OBJC_LITERAL_CONVERSION = YES;
				CLANG_WARN_OBJC_ROOT_CLASS = YES_ERROR;
				CLANG_WARN_QUOTED_INCLUDE_IN_FRAMEWORK_HEADER = YES;
				CLANG_WARN_RANGE_LOOP_ANALYSIS = YES;
				CLANG_WARN_STRICT_PROTOTYPES = YES;
				CLANG_WARN_SUSPICIOUS_MOVE = YES;
				CLANG_WARN_UNGUARDED_AVAILABILITY = YES_AGGRESSIVE;
				CLANG_WARN_UNREACHABLE_CODE = YES;
				CLANG_WARN__DUPLICATE_METHOD_MATCH = YES;
				COPY_PHASE_STRIP = NO;
				DEBUG_INFORMATION_FORMAT = "dwarf-with-dsym";
				ENABLE_NS_ASSERTIONS = NO;
				ENABLE_STRICT_OBJC_MSGSEND = YES;
				GCC_C_LANGUAGE_STANDARD = gnu11;
				GCC_NO_COMMON_BLOCKS = YES;
				GCC_WARN_64_TO_32_BIT_CONVERSION = YES;
				GCC_WARN_ABOUT_RETURN_TYPE = YES_ERROR;
				GCC_WARN_UNDECLARED_SELECTOR = YES;
				GCC_WARN_UNINITIALIZED_AUTOS = YES_AGGRESSIVE;
				GCC_WARN_UNUSED_FUNCTION = YES;
				GCC_WARN_UNUSED_VARIABLE = YES;
				IPHONEOS_DEPLOYMENT_TARGET = 14.3;
				MTL_ENABLE_DEBUG_INFO = NO;
				MTL_FAST_MATH = YES;
				SDKROOT = iphoneos;
				SWIFT_COMPILATION_MODE = wholemodule;
				SWIFT_OPTIMIZATION_LEVEL = "-O";
				VALIDATE_PRODUCT = YES;
			};
			name = Release;
		};
		6B5B216125B0D8430058E910 /* Debug */ = {
			isa = XCBuildConfiguration;
			buildSettings = {
				ASSETCATALOG_COMPILER_APPICON_NAME = AppIcon;
				ASSETCATALOG_COMPILER_GLOBAL_ACCENT_COLOR_NAME = AccentColor;
				CODE_SIGN_STYLE = Automatic;
				DEVELOPMENT_ASSET_PATHS = "\"Covid19Screener/Preview Content\"";
				DEVELOPMENT_TEAM = D47C2NZJN5;
				ENABLE_PREVIEWS = YES;
				INFOPLIST_FILE = Covid19Screener/Info.plist;
				IPHONEOS_DEPLOYMENT_TARGET = 14.0;
				LD_RUNPATH_SEARCH_PATHS = (
					"$(inherited)",
					"@executable_path/Frameworks",
				);
				PRODUCT_BUNDLE_IDENTIFIER = Matthew.Garlington.Covid19Screener;
				PRODUCT_NAME = "$(TARGET_NAME)";
				SWIFT_VERSION = 5.0;
				TARGETED_DEVICE_FAMILY = "1,2";
			};
			name = Debug;
		};
		6B5B216225B0D8430058E910 /* Release */ = {
			isa = XCBuildConfiguration;
			buildSettings = {
				ASSETCATALOG_COMPILER_APPICON_NAME = AppIcon;
				ASSETCATALOG_COMPILER_GLOBAL_ACCENT_COLOR_NAME = AccentColor;
				CODE_SIGN_STYLE = Automatic;
				DEVELOPMENT_ASSET_PATHS = "\"Covid19Screener/Preview Content\"";
				DEVELOPMENT_TEAM = D47C2NZJN5;
				ENABLE_PREVIEWS = YES;
				INFOPLIST_FILE = Covid19Screener/Info.plist;
				IPHONEOS_DEPLOYMENT_TARGET = 14.0;
				LD_RUNPATH_SEARCH_PATHS = (
					"$(inherited)",
					"@executable_path/Frameworks",
				);
				PRODUCT_BUNDLE_IDENTIFIER = Matthew.Garlington.Covid19Screener;
				PRODUCT_NAME = "$(TARGET_NAME)";
				SWIFT_VERSION = 5.0;
				TARGETED_DEVICE_FAMILY = "1,2";
			};
			name = Release;
		};
		6B5B216425B0D8430058E910 /* Debug */ = {
			isa = XCBuildConfiguration;
			buildSettings = {
				ALWAYS_EMBED_SWIFT_STANDARD_LIBRARIES = YES;
				BUNDLE_LOADER = "$(TEST_HOST)";
				CODE_SIGN_STYLE = Automatic;
				DEVELOPMENT_TEAM = D47C2NZJN5;
				INFOPLIST_FILE = Covid19ScreenerTests/Info.plist;
				IPHONEOS_DEPLOYMENT_TARGET = 14.0;
				LD_RUNPATH_SEARCH_PATHS = (
					"$(inherited)",
					"@executable_path/Frameworks",
					"@loader_path/Frameworks",
				);
				PRODUCT_BUNDLE_IDENTIFIER = Matthew.Garlington.Covid19ScreenerTests;
				PRODUCT_NAME = "$(TARGET_NAME)";
				SWIFT_VERSION = 5.0;
				TARGETED_DEVICE_FAMILY = "1,2";
				TEST_HOST = "$(BUILT_PRODUCTS_DIR)/Covid19Screener.app/Covid19Screener";
			};
			name = Debug;
		};
		6B5B216525B0D8430058E910 /* Release */ = {
			isa = XCBuildConfiguration;
			buildSettings = {
				ALWAYS_EMBED_SWIFT_STANDARD_LIBRARIES = YES;
				BUNDLE_LOADER = "$(TEST_HOST)";
				CODE_SIGN_STYLE = Automatic;
				DEVELOPMENT_TEAM = D47C2NZJN5;
				INFOPLIST_FILE = Covid19ScreenerTests/Info.plist;
				IPHONEOS_DEPLOYMENT_TARGET = 14.0;
				LD_RUNPATH_SEARCH_PATHS = (
					"$(inherited)",
					"@executable_path/Frameworks",
					"@loader_path/Frameworks",
				);
				PRODUCT_BUNDLE_IDENTIFIER = Matthew.Garlington.Covid19ScreenerTests;
				PRODUCT_NAME = "$(TARGET_NAME)";
				SWIFT_VERSION = 5.0;
				TARGETED_DEVICE_FAMILY = "1,2";
				TEST_HOST = "$(BUILT_PRODUCTS_DIR)/Covid19Screener.app/Covid19Screener";
			};
			name = Release;
		};
		6B5B216725B0D8430058E910 /* Debug */ = {
			isa = XCBuildConfiguration;
			buildSettings = {
				ALWAYS_EMBED_SWIFT_STANDARD_LIBRARIES = YES;
				CODE_SIGN_STYLE = Automatic;
				DEVELOPMENT_TEAM = D47C2NZJN5;
				INFOPLIST_FILE = Covid19ScreenerUITests/Info.plist;
				LD_RUNPATH_SEARCH_PATHS = (
					"$(inherited)",
					"@executable_path/Frameworks",
					"@loader_path/Frameworks",
				);
				PRODUCT_BUNDLE_IDENTIFIER = Matthew.Garlington.Covid19ScreenerUITests;
				PRODUCT_NAME = "$(TARGET_NAME)";
				SWIFT_VERSION = 5.0;
				TARGETED_DEVICE_FAMILY = "1,2";
				TEST_TARGET_NAME = Covid19Screener;
			};
			name = Debug;
		};
		6B5B216825B0D8430058E910 /* Release */ = {
			isa = XCBuildConfiguration;
			buildSettings = {
				ALWAYS_EMBED_SWIFT_STANDARD_LIBRARIES = YES;
				CODE_SIGN_STYLE = Automatic;
				DEVELOPMENT_TEAM = D47C2NZJN5;
				INFOPLIST_FILE = Covid19ScreenerUITests/Info.plist;
				LD_RUNPATH_SEARCH_PATHS = (
					"$(inherited)",
					"@executable_path/Frameworks",
					"@loader_path/Frameworks",
				);
				PRODUCT_BUNDLE_IDENTIFIER = Matthew.Garlington.Covid19ScreenerUITests;
				PRODUCT_NAME = "$(TARGET_NAME)";
				SWIFT_VERSION = 5.0;
				TARGETED_DEVICE_FAMILY = "1,2";
				TEST_TARGET_NAME = Covid19Screener;
			};
			name = Release;
		};
/* End XCBuildConfiguration section */

/* Begin XCConfigurationList section */
		6B5B213625B0D8430058E910 /* Build configuration list for PBXProject "Covid19Screener" */ = {
			isa = XCConfigurationList;
			buildConfigurations = (
				6B5B215E25B0D8430058E910 /* Debug */,
				6B5B215F25B0D8430058E910 /* Release */,
			);
			defaultConfigurationIsVisible = 0;
			defaultConfigurationName = Release;
		};
		6B5B216025B0D8430058E910 /* Build configuration list for PBXNativeTarget "Covid19Screener" */ = {
			isa = XCConfigurationList;
			buildConfigurations = (
				6B5B216125B0D8430058E910 /* Debug */,
				6B5B216225B0D8430058E910 /* Release */,
			);
			defaultConfigurationIsVisible = 0;
			defaultConfigurationName = Release;
		};
		6B5B216325B0D8430058E910 /* Build configuration list for PBXNativeTarget "Covid19ScreenerTests" */ = {
			isa = XCConfigurationList;
			buildConfigurations = (
				6B5B216425B0D8430058E910 /* Debug */,
				6B5B216525B0D8430058E910 /* Release */,
			);
			defaultConfigurationIsVisible = 0;
			defaultConfigurationName = Release;
		};
		6B5B216625B0D8430058E910 /* Build configuration list for PBXNativeTarget "Covid19ScreenerUITests" */ = {
			isa = XCConfigurationList;
			buildConfigurations = (
				6B5B216725B0D8430058E910 /* Debug */,
				6B5B216825B0D8430058E910 /* Release */,
			);
			defaultConfigurationIsVisible = 0;
			defaultConfigurationName = Release;
		};
/* End XCConfigurationList section */
	};
	rootObject = 6B5B213325B0D8430058E910 /* Project object */;
}
